// !$*UTF8*$!
{
	archiveVersion = 1;
	classes = {
	};
	objectVersion = 46;
	objects = {

/* Begin PBXFileReference section */
		40207DA1148519AC0086BA6E /* models.py */ = {isa = PBXFileReference; lastKnownFileType = text.script.python; path = models.py; sourceTree = "<group>"; };
		40207DA2148519AC0086BA6E /* tests.py */ = {isa = PBXFileReference; lastKnownFileType = text.script.python; path = tests.py; sourceTree = "<group>"; };
		40207DA3148519AC0086BA6E /* views.py */ = {isa = PBXFileReference; lastKnownFileType = text.script.python; path = views.py; sourceTree = "<group>"; };
		40207DA4148519BC0086BA6E /* settings.py */ = {isa = PBXFileReference; lastKnownFileType = text.script.python; name = settings.py; path = ../settings.py; sourceTree = "<group>"; };
		40207DA5148519BC0086BA6E /* urls.py */ = {isa = PBXFileReference; lastKnownFileType = text.script.python; name = urls.py; path = ../urls.py; sourceTree = "<group>"; };
		40207DA614851F900086BA6E /* admin.py */ = {isa = PBXFileReference; lastKnownFileType = text.script.python; path = admin.py; sourceTree = "<group>"; };
		409829DD14868BED0043A490 /* api.py */ = {isa = PBXFileReference; lastKnownFileType = text.script.python; path = api.py; sourceTree = "<group>"; };
/* End PBXFileReference section */

/* Begin PBXGroup section */
		40207D90148519640086BA6E = {
			isa = PBXGroup;
			children = (
				40207DA4148519BC0086BA6E /* settings.py */,
				40207DA5148519BC0086BA6E /* urls.py */,
				40207DA01485199A0086BA6E /* yabase */,
			);
			sourceTree = "<group>";
		};
		40207DA01485199A0086BA6E /* yabase */ = {
			isa = PBXGroup;
			children = (
				40207DA614851F900086BA6E /* admin.py */,
				40207DA1148519AC0086BA6E /* models.py */,
				409829DD14868BED0043A490 /* api.py */,
				40207DA2148519AC0086BA6E /* tests.py */,
				40207DA3148519AC0086BA6E /* views.py */,
			);
			name = yabase;
			sourceTree = "<group>";
		};
/* End PBXGroup section */

/* Begin PBXProject section */
		40207D92148519640086BA6E /* Project object */ = {
			isa = PBXProject;
			attributes = {
				LastUpgradeCheck = 0420;
				ORGANIZATIONNAME = MXP4;
			};
			buildConfigurationList = 40207D95148519640086BA6E /* Build configuration list for PBXProject "yabase" */;
			compatibilityVersion = "Xcode 3.2";
			developmentRegion = English;
			hasScannedForEncodings = 0;
			knownRegions = (
				en,
			);
			mainGroup = 40207D90148519640086BA6E;
			projectDirPath = "";
			projectRoot = "";
			targets = (
			);
		};
/* End PBXProject section */

/* Begin XCBuildConfiguration section */
		40207D97148519640086BA6E /* Debug */ = {
			isa = XCBuildConfiguration;
			buildSettings = {
			};
			name = Debug;
		};
		40207D98148519640086BA6E /* Release */ = {
			isa = XCBuildConfiguration;
			buildSettings = {
			};
			name = Release;
		};
/* End XCBuildConfiguration section */

/* Begin XCConfigurationList section */
		40207D95148519640086BA6E /* Build configuration list for PBXProject "yabase" */ = {
			isa = XCConfigurationList;
			buildConfigurations = (
				40207D97148519640086BA6E /* Debug */,
				40207D98148519640086BA6E /* Release */,
			);
			defaultConfigurationIsVisible = 0;
			defaultConfigurationName = Release;
		};
/* End XCConfigurationList section */
	};
	rootObject = 40207D92148519640086BA6E /* Project object */;
}
